
Microsoft Visual Studio Solution File, Format Version 12.00
# Visual Studio Version 17
VisualStudioVersion = 17.0.31919.166
MinimumVisualStudioVersion = 10.0.40219.1
Project("{9A19103F-16F7-4668-BE54-9A1E7A4F7556}") = "BlazorServerTestDynamicAccess", "BlazorServerTestDynamicAccess.csproj", "{C87933A3-EBCA-4F22-AB64-E0108F3989F2}"
EndProject
Global
	GlobalSection(SolutionConfigurationPlatforms) = preSolution
		Debug|Any CPU = Debug|Any CPU
		Release|Any CPU = Release|Any CPU
	EndGlobalSection
	GlobalSection(ProjectConfigurationPlatforms) = postSolution
		{C87933A3-EBCA-4F22-AB64-E0108F3989F2}.Debug|Any CPU.ActiveCfg = Debug|Any CPU
		{C87933A3-EBCA-4F22-AB64-E0108F3989F2}.Debug|Any CPU.Build.0 = Debug|Any CPU
		{C87933A3-EBCA-4F22-AB64-E0108F3989F2}.Release|Any CPU.ActiveCfg = Release|Any CPU
		{C87933A3-EBCA-4F22-AB64-E0108F3989F2}.Release|Any CPU.Build.0 = Release|Any CPU
	EndGlobalSection
	GlobalSection(SolutionProperties) = preSolution
		HideSolutionNode = FALSE
	EndGlobalSection
	GlobalSection(ExtensibilityGlobals) = postSolution
		SolutionGuid = {A2DF951B-F932-4932-BAE0-3B5673D88777}
	EndGlobalSection
EndGlobal
